// !$*UTF8*$!
{
	archiveVersion = 1;
	classes = {
	};
	objectVersion = 46;
	objects = {

/* Begin PBXBuildFile section */
		013EC1D61A3B95E9006234D5 /* redditmtu.xcdatamodeld in Sources */ = {isa = PBXBuildFile; fileRef = 013EC1D41A3B95E9006234D5 /* redditmtu.xcdatamodeld */; };
		013EC1DD1A3B95E9006234D5 /* Images.xcassets in Resources */ = {isa = PBXBuildFile; fileRef = 013EC1DC1A3B95E9006234D5 /* Images.xcassets */; };
		013EC1EC1A3B95E9006234D5 /* redditmtuTests.swift in Sources */ = {isa = PBXBuildFile; fileRef = 013EC1EB1A3B95E9006234D5 /* redditmtuTests.swift */; };
		013EC2031A3B973B006234D5 /* Album.swift in Sources */ = {isa = PBXBuildFile; fileRef = 013EC1F51A3B973B006234D5 /* Album.swift */; };
		013EC2041A3B973B006234D5 /* APIController.swift in Sources */ = {isa = PBXBuildFile; fileRef = 013EC1F61A3B973B006234D5 /* APIController.swift */; };
		013EC2051A3B973B006234D5 /* AppDelegate.swift in Sources */ = {isa = PBXBuildFile; fileRef = 013EC1F71A3B973B006234D5 /* AppDelegate.swift */; };
		013EC2061A3B973B006234D5 /* LaunchScreen.xib in Resources */ = {isa = PBXBuildFile; fileRef = 013EC1F91A3B973B006234D5 /* LaunchScreen.xib */; };
		013EC2071A3B973B006234D5 /* Main.storyboard in Resources */ = {isa = PBXBuildFile; fileRef = 013EC1FB1A3B973B006234D5 /* Main.storyboard */; };
		013EC2091A3B973B006234D5 /* DetailsViewController.swift in Sources */ = {isa = PBXBuildFile; fileRef = 013EC1FE1A3B973B006234D5 /* DetailsViewController.swift */; };
		013EC20C1A3B973B006234D5 /* Post.swift in Sources */ = {isa = PBXBuildFile; fileRef = 013EC2011A3B973B006234D5 /* Post.swift */; };
		013EC20D1A3B973B006234D5 /* SearchResultsViewController.swift in Sources */ = {isa = PBXBuildFile; fileRef = 013EC2021A3B973B006234D5 /* SearchResultsViewController.swift */; };
		01672B051A412A20002D108C /* AccountViewController.swift in Sources */ = {isa = PBXBuildFile; fileRef = 01672B041A412A20002D108C /* AccountViewController.swift */; };
		017537E11A40F22700CB39FB /* LoginWebView.swift in Sources */ = {isa = PBXBuildFile; fileRef = 017537E01A40F22700CB39FB /* LoginWebView.swift */; };
		01DDCC7E1A3FFAF600D0F271 /* WebViewController.swift in Sources */ = {isa = PBXBuildFile; fileRef = 01DDCC7D1A3FFAF600D0F271 /* WebViewController.swift */; };
		078116381A3E128400887A5C /* Backend.swift in Sources */ = {isa = PBXBuildFile; fileRef = 078116371A3E128400887A5C /* Backend.swift */; };
		0781163C1A3E147D00887A5C /* Listing.swift in Sources */ = {isa = PBXBuildFile; fileRef = 0781163B1A3E147D00887A5C /* Listing.swift */; };
		0781163E1A3E306700887A5C /* PostPage.swift in Sources */ = {isa = PBXBuildFile; fileRef = 0781163D1A3E306700887A5C /* PostPage.swift */; };
		078116401A3E35C700887A5C /* Comment.swift in Sources */ = {isa = PBXBuildFile; fileRef = 0781163F1A3E35C700887A5C /* Comment.swift */; };
		CA9B24ED1A40FFEF00FC6617 /* logo.png in Resources */ = {isa = PBXBuildFile; fileRef = CA9B24EC1A40FFEF00FC6617 /* logo.png */; };
		E8AC6F861A412F9700806E46 /* APICommentController.swift in Sources */ = {isa = PBXBuildFile; fileRef = E8AC6F851A412F9700806E46 /* APICommentController.swift */; };
/* End PBXBuildFile section */

/* Begin PBXContainerItemProxy section */
		013EC1E61A3B95E9006234D5 /* PBXContainerItemProxy */ = {
			isa = PBXContainerItemProxy;
			containerPortal = 013EC1C51A3B95E9006234D5 /* Project object */;
			proxyType = 1;
			remoteGlobalIDString = 013EC1CC1A3B95E9006234D5;
			remoteInfo = redditmtu;
		};
/* End PBXContainerItemProxy section */

/* Begin PBXFileReference section */
		013EC1CD1A3B95E9006234D5 /* redditmtu.app */ = {isa = PBXFileReference; explicitFileType = wrapper.application; includeInIndex = 0; path = redditmtu.app; sourceTree = BUILT_PRODUCTS_DIR; };
		013EC1D11A3B95E9006234D5 /* Info.plist */ = {isa = PBXFileReference; lastKnownFileType = text.plist.xml; path = Info.plist; sourceTree = "<group>"; };
		013EC1D51A3B95E9006234D5 /* redditmtu.xcdatamodel */ = {isa = PBXFileReference; lastKnownFileType = wrapper.xcdatamodel; path = redditmtu.xcdatamodel; sourceTree = "<group>"; };
		013EC1DC1A3B95E9006234D5 /* Images.xcassets */ = {isa = PBXFileReference; lastKnownFileType = folder.assetcatalog; path = Images.xcassets; sourceTree = "<group>"; };
		013EC1E51A3B95E9006234D5 /* redditmtuTests.xctest */ = {isa = PBXFileReference; explicitFileType = wrapper.cfbundle; includeInIndex = 0; path = redditmtuTests.xctest; sourceTree = BUILT_PRODUCTS_DIR; };
		013EC1EA1A3B95E9006234D5 /* Info.plist */ = {isa = PBXFileReference; lastKnownFileType = text.plist.xml; path = Info.plist; sourceTree = "<group>"; };
		013EC1EB1A3B95E9006234D5 /* redditmtuTests.swift */ = {isa = PBXFileReference; lastKnownFileType = sourcecode.swift; path = redditmtuTests.swift; sourceTree = "<group>"; };
		013EC1F51A3B973B006234D5 /* Album.swift */ = {isa = PBXFileReference; fileEncoding = 4; lastKnownFileType = sourcecode.swift; path = Album.swift; sourceTree = "<group>"; };
		013EC1F61A3B973B006234D5 /* APIController.swift */ = {isa = PBXFileReference; fileEncoding = 4; lastKnownFileType = sourcecode.swift; path = APIController.swift; sourceTree = "<group>"; };
		013EC1F71A3B973B006234D5 /* AppDelegate.swift */ = {isa = PBXFileReference; fileEncoding = 4; lastKnownFileType = sourcecode.swift; path = AppDelegate.swift; sourceTree = "<group>"; };
		013EC1FA1A3B973B006234D5 /* Base */ = {isa = PBXFileReference; lastKnownFileType = file.xib; name = Base; path = LaunchScreen.xib; sourceTree = "<group>"; };
		013EC1FC1A3B973B006234D5 /* Base */ = {isa = PBXFileReference; lastKnownFileType = file.storyboard; name = Base; path = Main.storyboard; sourceTree = "<group>"; };
		013EC1FE1A3B973B006234D5 /* DetailsViewController.swift */ = {isa = PBXFileReference; fileEncoding = 4; lastKnownFileType = sourcecode.swift; path = DetailsViewController.swift; sourceTree = "<group>"; };
		013EC2011A3B973B006234D5 /* Post.swift */ = {isa = PBXFileReference; fileEncoding = 4; lastKnownFileType = sourcecode.swift; path = Post.swift; sourceTree = "<group>"; };
		013EC2021A3B973B006234D5 /* SearchResultsViewController.swift */ = {isa = PBXFileReference; fileEncoding = 4; lastKnownFileType = sourcecode.swift; path = SearchResultsViewController.swift; sourceTree = "<group>"; };
		01672B041A412A20002D108C /* AccountViewController.swift */ = {isa = PBXFileReference; fileEncoding = 4; lastKnownFileType = sourcecode.swift; path = AccountViewController.swift; sourceTree = "<group>"; };
		017537E01A40F22700CB39FB /* LoginWebView.swift */ = {isa = PBXFileReference; fileEncoding = 4; lastKnownFileType = sourcecode.swift; path = LoginWebView.swift; sourceTree = "<group>"; };
		01DDCC7D1A3FFAF600D0F271 /* WebViewController.swift */ = {isa = PBXFileReference; fileEncoding = 4; lastKnownFileType = sourcecode.swift; path = WebViewController.swift; sourceTree = "<group>"; };
		078116371A3E128400887A5C /* Backend.swift */ = {isa = PBXFileReference; fileEncoding = 4; lastKnownFileType = sourcecode.swift; path = Backend.swift; sourceTree = "<group>"; };
		0781163B1A3E147D00887A5C /* Listing.swift */ = {isa = PBXFileReference; fileEncoding = 4; lastKnownFileType = sourcecode.swift; path = Listing.swift; sourceTree = "<group>"; };
		0781163D1A3E306700887A5C /* PostPage.swift */ = {isa = PBXFileReference; fileEncoding = 4; lastKnownFileType = sourcecode.swift; path = PostPage.swift; sourceTree = "<group>"; };
		0781163F1A3E35C700887A5C /* Comment.swift */ = {isa = PBXFileReference; fileEncoding = 4; lastKnownFileType = sourcecode.swift; path = Comment.swift; sourceTree = "<group>"; };
		CA9B24EC1A40FFEF00FC6617 /* logo.png */ = {isa = PBXFileReference; lastKnownFileType = image.png; path = logo.png; sourceTree = "<group>"; };
		E8AC6F851A412F9700806E46 /* APICommentController.swift */ = {isa = PBXFileReference; fileEncoding = 4; lastKnownFileType = sourcecode.swift; path = APICommentController.swift; sourceTree = "<group>"; };
/* End PBXFileReference section */

/* Begin PBXFrameworksBuildPhase section */
		013EC1CA1A3B95E9006234D5 /* Frameworks */ = {
			isa = PBXFrameworksBuildPhase;
			buildActionMask = 2147483647;
			files = (
			);
			runOnlyForDeploymentPostprocessing = 0;
		};
		013EC1E21A3B95E9006234D5 /* Frameworks */ = {
			isa = PBXFrameworksBuildPhase;
			buildActionMask = 2147483647;
			files = (
			);
			runOnlyForDeploymentPostprocessing = 0;
		};
/* End PBXFrameworksBuildPhase section */

/* Begin PBXGroup section */
		013EC1C41A3B95E9006234D5 = {
			isa = PBXGroup;
			children = (
				013EC1CF1A3B95E9006234D5 /* redditmtu */,
				013EC1CE1A3B95E9006234D5 /* Products */,
				013EC1E81A3B95E9006234D5 /* redditmtuTests */,
			);
			sourceTree = "<group>";
		};
		013EC1CE1A3B95E9006234D5 /* Products */ = {
			isa = PBXGroup;
			children = (
				013EC1CD1A3B95E9006234D5 /* redditmtu.app */,
				013EC1E51A3B95E9006234D5 /* redditmtuTests.xctest */,
			);
			name = Products;
			sourceTree = "<group>";
		};
		013EC1CF1A3B95E9006234D5 /* redditmtu */ = {
			isa = PBXGroup;
			children = (
				CA9B24EC1A40FFEF00FC6617 /* logo.png */,
				013EC1F51A3B973B006234D5 /* Album.swift */,
				013EC1F61A3B973B006234D5 /* APIController.swift */,
				E8AC6F851A412F9700806E46 /* APICommentController.swift */,
				013EC1F71A3B973B006234D5 /* AppDelegate.swift */,
				078116371A3E128400887A5C /* Backend.swift */,
				013EC1F81A3B973B006234D5 /* Base.lproj */,
				0781163F1A3E35C700887A5C /* Comment.swift */,
				013EC1FE1A3B973B006234D5 /* DetailsViewController.swift */,
				01672B041A412A20002D108C /* AccountViewController.swift */,
				013EC1DC1A3B95E9006234D5 /* Images.xcassets */,
				0781163B1A3E147D00887A5C /* Listing.swift */,
				013EC2011A3B973B006234D5 /* Post.swift */,
				0781163D1A3E306700887A5C /* PostPage.swift */,
				013EC1D41A3B95E9006234D5 /* redditmtu.xcdatamodeld */,
				013EC2021A3B973B006234D5 /* SearchResultsViewController.swift */,
				013EC1D01A3B95E9006234D5 /* Supporting Files */,
				01DDCC7D1A3FFAF600D0F271 /* WebViewController.swift */,
				017537E01A40F22700CB39FB /* LoginWebView.swift */,
			);
			path = redditmtu;
			sourceTree = "<group>";
		};
		013EC1D01A3B95E9006234D5 /* Supporting Files */ = {
			isa = PBXGroup;
			children = (
				013EC1D11A3B95E9006234D5 /* Info.plist */,
			);
			name = "Supporting Files";
			sourceTree = "<group>";
		};
		013EC1E81A3B95E9006234D5 /* redditmtuTests */ = {
			isa = PBXGroup;
			children = (
				013EC1EB1A3B95E9006234D5 /* redditmtuTests.swift */,
				013EC1E91A3B95E9006234D5 /* Supporting Files */,
			);
			path = redditmtuTests;
			sourceTree = "<group>";
		};
		013EC1E91A3B95E9006234D5 /* Supporting Files */ = {
			isa = PBXGroup;
			children = (
				013EC1EA1A3B95E9006234D5 /* Info.plist */,
			);
			name = "Supporting Files";
			sourceTree = "<group>";
		};
		013EC1F81A3B973B006234D5 /* Base.lproj */ = {
			isa = PBXGroup;
			children = (
				013EC1F91A3B973B006234D5 /* LaunchScreen.xib */,
				013EC1FB1A3B973B006234D5 /* Main.storyboard */,
			);
			path = Base.lproj;
			sourceTree = "<group>";
		};
/* End PBXGroup section */

/* Begin PBXNativeTarget section */
		013EC1CC1A3B95E9006234D5 /* redditmtu */ = {
			isa = PBXNativeTarget;
			buildConfigurationList = 013EC1EF1A3B95E9006234D5 /* Build configuration list for PBXNativeTarget "redditmtu" */;
			buildPhases = (
				013EC1C91A3B95E9006234D5 /* Sources */,
				013EC1CA1A3B95E9006234D5 /* Frameworks */,
				013EC1CB1A3B95E9006234D5 /* Resources */,
			);
			buildRules = (
			);
			dependencies = (
			);
			name = redditmtu;
			productName = redditmtu;
			productReference = 013EC1CD1A3B95E9006234D5 /* redditmtu.app */;
			productType = "com.apple.product-type.application";
		};
		013EC1E41A3B95E9006234D5 /* redditmtuTests */ = {
			isa = PBXNativeTarget;
			buildConfigurationList = 013EC1F21A3B95E9006234D5 /* Build configuration list for PBXNativeTarget "redditmtuTests" */;
			buildPhases = (
				013EC1E11A3B95E9006234D5 /* Sources */,
				013EC1E21A3B95E9006234D5 /* Frameworks */,
				013EC1E31A3B95E9006234D5 /* Resources */,
			);
			buildRules = (
			);
			dependencies = (
				013EC1E71A3B95E9006234D5 /* PBXTargetDependency */,
			);
			name = redditmtuTests;
			productName = redditmtuTests;
			productReference = 013EC1E51A3B95E9006234D5 /* redditmtuTests.xctest */;
			productType = "com.apple.product-type.bundle.unit-test";
		};
/* End PBXNativeTarget section */

/* Begin PBXProject section */
		013EC1C51A3B95E9006234D5 /* Project object */ = {
			isa = PBXProject;
			attributes = {
				LastUpgradeCheck = 0610;
				TargetAttributes = {
					013EC1CC1A3B95E9006234D5 = {
						CreatedOnToolsVersion = 6.1;
					};
					013EC1E41A3B95E9006234D5 = {
						CreatedOnToolsVersion = 6.1;
						TestTargetID = 013EC1CC1A3B95E9006234D5;
					};
				};
			};
			buildConfigurationList = 013EC1C81A3B95E9006234D5 /* Build configuration list for PBXProject "redditmtu" */;
			compatibilityVersion = "Xcode 3.2";
			developmentRegion = English;
			hasScannedForEncodings = 0;
			knownRegions = (
				en,
				Base,
			);
			mainGroup = 013EC1C41A3B95E9006234D5;
			productRefGroup = 013EC1CE1A3B95E9006234D5 /* Products */;
			projectDirPath = "";
			projectRoot = "";
			targets = (
				013EC1CC1A3B95E9006234D5 /* redditmtu */,
				013EC1E41A3B95E9006234D5 /* redditmtuTests */,
			);
		};
/* End PBXProject section */

/* Begin PBXResourcesBuildPhase section */
		013EC1CB1A3B95E9006234D5 /* Resources */ = {
			isa = PBXResourcesBuildPhase;
			buildActionMask = 2147483647;
			files = (
				013EC2071A3B973B006234D5 /* Main.storyboard in Resources */,
				013EC2061A3B973B006234D5 /* LaunchScreen.xib in Resources */,
				013EC1DD1A3B95E9006234D5 /* Images.xcassets in Resources */,
				CA9B24ED1A40FFEF00FC6617 /* logo.png in Resources */,
			);
			runOnlyForDeploymentPostprocessing = 0;
		};
		013EC1E31A3B95E9006234D5 /* Resources */ = {
			isa = PBXResourcesBuildPhase;
			buildActionMask = 2147483647;
			files = (
			);
			runOnlyForDeploymentPostprocessing = 0;
		};
/* End PBXResourcesBuildPhase section */

/* Begin PBXSourcesBuildPhase section */
		013EC1C91A3B95E9006234D5 /* Sources */ = {
			isa = PBXSourcesBuildPhase;
			buildActionMask = 2147483647;
			files = (
				013EC2051A3B973B006234D5 /* AppDelegate.swift in Sources */,
				0781163C1A3E147D00887A5C /* Listing.swift in Sources */,
				01672B051A412A20002D108C /* AccountViewController.swift in Sources */,
				013EC20C1A3B973B006234D5 /* Post.swift in Sources */,
				078116381A3E128400887A5C /* Backend.swift in Sources */,
				013EC1D61A3B95E9006234D5 /* redditmtu.xcdatamodeld in Sources */,
				013EC2031A3B973B006234D5 /* Album.swift in Sources */,
				078116401A3E35C700887A5C /* Comment.swift in Sources */,
				01DDCC7E1A3FFAF600D0F271 /* WebViewController.swift in Sources */,
				0781163E1A3E306700887A5C /* PostPage.swift in Sources */,
				013EC2041A3B973B006234D5 /* APIController.swift in Sources */,
				E8AC6F861A412F9700806E46 /* APICommentController.swift in Sources */,
				013EC20D1A3B973B006234D5 /* SearchResultsViewController.swift in Sources */,
				013EC2091A3B973B006234D5 /* DetailsViewController.swift in Sources */,
				017537E11A40F22700CB39FB /* LoginWebView.swift in Sources */,
			);
			runOnlyForDeploymentPostprocessing = 0;
		};
		013EC1E11A3B95E9006234D5 /* Sources */ = {
			isa = PBXSourcesBuildPhase;
			buildActionMask = 2147483647;
			files = (
				013EC1EC1A3B95E9006234D5 /* redditmtuTests.swift in Sources */,
			);
			runOnlyForDeploymentPostprocessing = 0;
		};
/* End PBXSourcesBuildPhase section */

/* Begin PBXTargetDependency section */
		013EC1E71A3B95E9006234D5 /* PBXTargetDependency */ = {
			isa = PBXTargetDependency;
			target = 013EC1CC1A3B95E9006234D5 /* redditmtu */;
			targetProxy = 013EC1E61A3B95E9006234D5 /* PBXContainerItemProxy */;
		};
/* End PBXTargetDependency section */

/* Begin PBXVariantGroup section */
		013EC1F91A3B973B006234D5 /* LaunchScreen.xib */ = {
			isa = PBXVariantGroup;
			children = (
				013EC1FA1A3B973B006234D5 /* Base */,
			);
			name = LaunchScreen.xib;
			sourceTree = "<group>";
		};
		013EC1FB1A3B973B006234D5 /* Main.storyboard */ = {
			isa = PBXVariantGroup;
			children = (
				013EC1FC1A3B973B006234D5 /* Base */,
			);
			name = Main.storyboard;
			sourceTree = "<group>";
		};
/* End PBXVariantGroup section */

/* Begin XCBuildConfiguration section */
		013EC1ED1A3B95E9006234D5 /* Debug */ = {
			isa = XCBuildConfiguration;
			buildSettings = {
				ALWAYS_SEARCH_USER_PATHS = NO;
				CLANG_CXX_LANGUAGE_STANDARD = "gnu++0x";
				CLANG_CXX_LIBRARY = "libc++";
				CLANG_ENABLE_MODULES = YES;
				CLANG_ENABLE_OBJC_ARC = YES;
				CLANG_WARN_BOOL_CONVERSION = YES;
				CLANG_WARN_CONSTANT_CONVERSION = YES;
				CLANG_WARN_DIRECT_OBJC_ISA_USAGE = YES_ERROR;
				CLANG_WARN_EMPTY_BODY = YES;
				CLANG_WARN_ENUM_CONVERSION = YES;
				CLANG_WARN_INT_CONVERSION = YES;
				CLANG_WARN_OBJC_ROOT_CLASS = YES_ERROR;
				CLANG_WARN_UNREACHABLE_CODE = YES;
				CLANG_WARN__DUPLICATE_METHOD_MATCH = YES;
				"CODE_SIGN_IDENTITY[sdk=iphoneos*]" = "iPhone Developer";
				COPY_PHASE_STRIP = NO;
				ENABLE_STRICT_OBJC_MSGSEND = YES;
				GCC_C_LANGUAGE_STANDARD = gnu99;
				GCC_DYNAMIC_NO_PIC = NO;
				GCC_OPTIMIZATION_LEVEL = 0;
				GCC_PREPROCESSOR_DEFINITIONS = (
					"DEBUG=1",
					"$(inherited)",
				);
				GCC_SYMBOLS_PRIVATE_EXTERN = NO;
				GCC_WARN_64_TO_32_BIT_CONVERSION = YES;
				GCC_WARN_ABOUT_RETURN_TYPE = YES_ERROR;
				GCC_WARN_UNDECLARED_SELECTOR = YES;
				GCC_WARN_UNINITIALIZED_AUTOS = YES_AGGRESSIVE;
				GCC_WARN_UNUSED_FUNCTION = YES;
				GCC_WARN_UNUSED_VARIABLE = YES;
				IPHONEOS_DEPLOYMENT_TARGET = 8.1;
				MTL_ENABLE_DEBUG_INFO = YES;
				ONLY_ACTIVE_ARCH = YES;
				SDKROOT = iphoneos;
				SWIFT_OPTIMIZATION_LEVEL = "-Onone";
			};
			name = Debug;
		};
		013EC1EE1A3B95E9006234D5 /* Release */ = {
			isa = XCBuildConfiguration;
			buildSettings = {
				ALWAYS_SEARCH_USER_PATHS = NO;
				CLANG_CXX_LANGUAGE_STANDARD = "gnu++0x";
				CLANG_CXX_LIBRARY = "libc++";
				CLANG_ENABLE_MODULES = YES;
				CLANG_ENABLE_OBJC_ARC = YES;
				CLANG_WARN_BOOL_CONVERSION = YES;
				CLANG_WARN_CONSTANT_CONVERSION = YES;
				CLANG_WARN_DIRECT_OBJC_ISA_USAGE = YES_ERROR;
				CLANG_WARN_EMPTY_BODY = YES;
				CLANG_WARN_ENUM_CONVERSION = YES;
				CLANG_WARN_INT_CONVERSION = YES;
				CLANG_WARN_OBJC_ROOT_CLASS = YES_ERROR;
				CLANG_WARN_UNREACHABLE_CODE = YES;
				CLANG_WARN__DUPLICATE_METHOD_MATCH = YES;
				"CODE_SIGN_IDENTITY[sdk=iphoneos*]" = "iPhone Developer";
				COPY_PHASE_STRIP = YES;
				ENABLE_NS_ASSERTIONS = NO;
				ENABLE_STRICT_OBJC_MSGSEND = YES;
				GCC_C_LANGUAGE_STANDARD = gnu99;
				GCC_WARN_64_TO_32_BIT_CONVERSION = YES;
				GCC_WARN_ABOUT_RETURN_TYPE = YES_ERROR;
				GCC_WARN_UNDECLARED_SELECTOR = YES;
				GCC_WARN_UNINITIALIZED_AUTOS = YES_AGGRESSIVE;
				GCC_WARN_UNUSED_FUNCTION = YES;
				GCC_WARN_UNUSED_VARIABLE = YES;
				IPHONEOS_DEPLOYMENT_TARGET = 8.1;
				MTL_ENABLE_DEBUG_INFO = NO;
				SDKROOT = iphoneos;
				VALIDATE_PRODUCT = YES;
			};
			name = Release;
		};
		013EC1F01A3B95E9006234D5 /* Debug */ = {
			isa = XCBuildConfiguration;
			buildSettings = {
				ASSETCATALOG_COMPILER_APPICON_NAME = AppIcon;
				INFOPLIST_FILE = redditmtu/Info.plist;
				LD_RUNPATH_SEARCH_PATHS = "$(inherited) @executable_path/Frameworks";
				PRODUCT_NAME = "$(TARGET_NAME)";
			};
			name = Debug;
		};
		013EC1F11A3B95E9006234D5 /* Release */ = {
			isa = XCBuildConfiguration;
			buildSettings = {
				ASSETCATALOG_COMPILER_APPICON_NAME = AppIcon;
				INFOPLIST_FILE = redditmtu/Info.plist;
				LD_RUNPATH_SEARCH_PATHS = "$(inherited) @executable_path/Frameworks";
				PRODUCT_NAME = "$(TARGET_NAME)";
			};
			name = Release;
		};
		013EC1F31A3B95E9006234D5 /* Debug */ = {
			isa = XCBuildConfiguration;
			buildSettings = {
				BUNDLE_LOADER = "$(TEST_HOST)";
				FRAMEWORK_SEARCH_PATHS = (
					"$(SDKROOT)/Developer/Library/Frameworks",
					"$(inherited)",
				);
				GCC_PREPROCESSOR_DEFINITIONS = (
					"DEBUG=1",
					"$(inherited)",
				);
				INFOPLIST_FILE = redditmtuTests/Info.plist;
				LD_RUNPATH_SEARCH_PATHS = "$(inherited) @executable_path/Frameworks @loader_path/Frameworks";
				PRODUCT_NAME = "$(TARGET_NAME)";
				TEST_HOST = "$(BUILT_PRODUCTS_DIR)/redditmtu.app/redditmtu";
			};
			name = Debug;
		};
		013EC1F41A3B95E9006234D5 /* Release */ = {
			isa = XCBuildConfiguration;
			buildSettings = {
				BUNDLE_LOADER = "$(TEST_HOST)";
				FRAMEWORK_SEARCH_PATHS = (
					"$(SDKROOT)/Developer/Library/Frameworks",
					"$(inherited)",
				);
				INFOPLIST_FILE = redditmtuTests/Info.plist;
				LD_RUNPATH_SEARCH_PATHS = "$(inherited) @executable_path/Frameworks @loader_path/Frameworks";
				PRODUCT_NAME = "$(TARGET_NAME)";
				TEST_HOST = "$(BUILT_PRODUCTS_DIR)/redditmtu.app/redditmtu";
			};
			name = Release;
		};
/* End XCBuildConfiguration section */

/* Begin XCConfigurationList section */
		013EC1C81A3B95E9006234D5 /* Build configuration list for PBXProject "redditmtu" */ = {
			isa = XCConfigurationList;
			buildConfigurations = (
				013EC1ED1A3B95E9006234D5 /* Debug */,
				013EC1EE1A3B95E9006234D5 /* Release */,
			);
			defaultConfigurationIsVisible = 0;
			defaultConfigurationName = Release;
		};
		013EC1EF1A3B95E9006234D5 /* Build configuration list for PBXNativeTarget "redditmtu" */ = {
			isa = XCConfigurationList;
			buildConfigurations = (
				013EC1F01A3B95E9006234D5 /* Debug */,
				013EC1F11A3B95E9006234D5 /* Release */,
			);
			defaultConfigurationIsVisible = 0;
			defaultConfigurationName = Release;
		};
		013EC1F21A3B95E9006234D5 /* Build configuration list for PBXNativeTarget "redditmtuTests" */ = {
			isa = XCConfigurationList;
			buildConfigurations = (
				013EC1F31A3B95E9006234D5 /* Debug */,
				013EC1F41A3B95E9006234D5 /* Release */,
			);
			defaultConfigurationIsVisible = 0;
			defaultConfigurationName = Release;
		};
/* End XCConfigurationList section */

/* Begin XCVersionGroup section */
		013EC1D41A3B95E9006234D5 /* redditmtu.xcdatamodeld */ = {
			isa = XCVersionGroup;
			children = (
				013EC1D51A3B95E9006234D5 /* redditmtu.xcdatamodel */,
			);
			currentVersion = 013EC1D51A3B95E9006234D5 /* redditmtu.xcdatamodel */;
			path = redditmtu.xcdatamodeld;
			sourceTree = "<group>";
			versionGroupType = wrapper.xcdatamodel;
		};
/* End XCVersionGroup section */
	};
	rootObject = 013EC1C51A3B95E9006234D5 /* Project object */;
}
