// !$*UTF8*$!
{
	archiveVersion = 1;
	classes = {
	};
	objectVersion = 46;
	objects = {

/* Begin PBXBuildFile section */
		CADE3F6D1A1C516900924E0B /* redditmtu.h in Headers */ = {isa = PBXBuildFile; fileRef = CADE3F6C1A1C516900924E0B /* redditmtu.h */; settings = {ATTRIBUTES = (Public, ); }; };
		CADE3F731A1C516900924E0B /* redditmtu.framework in Frameworks */ = {isa = PBXBuildFile; fileRef = CADE3F671A1C516900924E0B /* redditmtu.framework */; };
		CADE3F7A1A1C516900924E0B /* redditmtuTests.swift in Sources */ = {isa = PBXBuildFile; fileRef = CADE3F791A1C516900924E0B /* redditmtuTests.swift */; };
/* End PBXBuildFile section */

/* Begin PBXContainerItemProxy section */
		CADE3F741A1C516900924E0B /* PBXContainerItemProxy */ = {
			isa = PBXContainerItemProxy;
			containerPortal = CADE3F5E1A1C516900924E0B /* Project object */;
			proxyType = 1;
			remoteGlobalIDString = CADE3F661A1C516900924E0B;
			remoteInfo = redditmtu;
		};
/* End PBXContainerItemProxy section */

/* Begin PBXFileReference section */
		CADE3F671A1C516900924E0B /* redditmtu.framework */ = {isa = PBXFileReference; explicitFileType = wrapper.framework; includeInIndex = 0; path = redditmtu.framework; sourceTree = BUILT_PRODUCTS_DIR; };
		CADE3F6B1A1C516900924E0B /* Info.plist */ = {isa = PBXFileReference; lastKnownFileType = text.plist.xml; path = Info.plist; sourceTree = "<group>"; };
		CADE3F6C1A1C516900924E0B /* redditmtu.h */ = {isa = PBXFileReference; lastKnownFileType = sourcecode.c.h; path = redditmtu.h; sourceTree = "<group>"; };
		CADE3F721A1C516900924E0B /* redditmtuTests.xctest */ = {isa = PBXFileReference; explicitFileType = wrapper.cfbundle; includeInIndex = 0; path = redditmtuTests.xctest; sourceTree = BUILT_PRODUCTS_DIR; };
		CADE3F781A1C516900924E0B /* Info.plist */ = {isa = PBXFileReference; lastKnownFileType = text.plist.xml; path = Info.plist; sourceTree = "<group>"; };
		CADE3F791A1C516900924E0B /* redditmtuTests.swift */ = {isa = PBXFileReference; lastKnownFileType = sourcecode.swift; path = redditmtuTests.swift; sourceTree = "<group>"; };
/* End PBXFileReference section */

/* Begin PBXFrameworksBuildPhase section */
		CADE3F631A1C516900924E0B /* Frameworks */ = {
			isa = PBXFrameworksBuildPhase;
			buildActionMask = 2147483647;
			files = (
			);
			runOnlyForDeploymentPostprocessing = 0;
		};
		CADE3F6F1A1C516900924E0B /* Frameworks */ = {
			isa = PBXFrameworksBuildPhase;
			buildActionMask = 2147483647;
			files = (
				CADE3F731A1C516900924E0B /* redditmtu.framework in Frameworks */,
			);
			runOnlyForDeploymentPostprocessing = 0;
		};
/* End PBXFrameworksBuildPhase section */

/* Begin PBXGroup section */
		CADE3F5D1A1C516900924E0B = {
			isa = PBXGroup;
			children = (
				CADE3F691A1C516900924E0B /* redditmtu */,
				CADE3F761A1C516900924E0B /* redditmtuTests */,
				CADE3F681A1C516900924E0B /* Products */,
			);
			sourceTree = "<group>";
		};
		CADE3F681A1C516900924E0B /* Products */ = {
			isa = PBXGroup;
			children = (
				CADE3F671A1C516900924E0B /* redditmtu.framework */,
				CADE3F721A1C516900924E0B /* redditmtuTests.xctest */,
			);
			name = Products;
			sourceTree = "<group>";
		};
		CADE3F691A1C516900924E0B /* redditmtu */ = {
			isa = PBXGroup;
			children = (
				CADE3F6C1A1C516900924E0B /* redditmtu.h */,
				CADE3F6A1A1C516900924E0B /* Supporting Files */,
			);
			path = redditmtu;
			sourceTree = "<group>";
		};
		CADE3F6A1A1C516900924E0B /* Supporting Files */ = {
			isa = PBXGroup;
			children = (
				CADE3F6B1A1C516900924E0B /* Info.plist */,
			);
			name = "Supporting Files";
			sourceTree = "<group>";
		};
		CADE3F761A1C516900924E0B /* redditmtuTests */ = {
			isa = PBXGroup;
			children = (
				CADE3F791A1C516900924E0B /* redditmtuTests.swift */,
				CADE3F771A1C516900924E0B /* Supporting Files */,
			);
			path = redditmtuTests;
			sourceTree = "<group>";
		};
		CADE3F771A1C516900924E0B /* Supporting Files */ = {
			isa = PBXGroup;
			children = (
				CADE3F781A1C516900924E0B /* Info.plist */,
			);
			name = "Supporting Files";
			sourceTree = "<group>";
		};
/* End PBXGroup section */

/* Begin PBXHeadersBuildPhase section */
		CADE3F641A1C516900924E0B /* Headers */ = {
			isa = PBXHeadersBuildPhase;
			buildActionMask = 2147483647;
			files = (
				CADE3F6D1A1C516900924E0B /* redditmtu.h in Headers */,
			);
			runOnlyForDeploymentPostprocessing = 0;
		};
/* End PBXHeadersBuildPhase section */

/* Begin PBXNativeTarget section */
		CADE3F661A1C516900924E0B /* redditmtu */ = {
			isa = PBXNativeTarget;
			buildConfigurationList = CADE3F7D1A1C516900924E0B /* Build configuration list for PBXNativeTarget "redditmtu" */;
			buildPhases = (
				CADE3F621A1C516900924E0B /* Sources */,
				CADE3F631A1C516900924E0B /* Frameworks */,
				CADE3F641A1C516900924E0B /* Headers */,
				CADE3F651A1C516900924E0B /* Resources */,
			);
			buildRules = (
			);
			dependencies = (
			);
			name = redditmtu;
			productName = redditmtu;
			productReference = CADE3F671A1C516900924E0B /* redditmtu.framework */;
			productType = "com.apple.product-type.framework";
		};
		CADE3F711A1C516900924E0B /* redditmtuTests */ = {
			isa = PBXNativeTarget;
			buildConfigurationList = CADE3F801A1C516900924E0B /* Build configuration list for PBXNativeTarget "redditmtuTests" */;
			buildPhases = (
				CADE3F6E1A1C516900924E0B /* Sources */,
				CADE3F6F1A1C516900924E0B /* Frameworks */,
				CADE3F701A1C516900924E0B /* Resources */,
			);
			buildRules = (
			);
			dependencies = (
				CADE3F751A1C516900924E0B /* PBXTargetDependency */,
			);
			name = redditmtuTests;
			productName = redditmtuTests;
			productReference = CADE3F721A1C516900924E0B /* redditmtuTests.xctest */;
			productType = "com.apple.product-type.bundle.unit-test";
		};
/* End PBXNativeTarget section */

/* Begin PBXProject section */
		CADE3F5E1A1C516900924E0B /* Project object */ = {
			isa = PBXProject;
			attributes = {
				LastUpgradeCheck = 0610;
				ORGANIZATIONNAME = cs4121;
				TargetAttributes = {
					CADE3F661A1C516900924E0B = {
						CreatedOnToolsVersion = 6.1;
					};
					CADE3F711A1C516900924E0B = {
						CreatedOnToolsVersion = 6.1;
					};
				};
			};
			buildConfigurationList = CADE3F611A1C516900924E0B /* Build configuration list for PBXProject "redditmtu" */;
			compatibilityVersion = "Xcode 3.2";
			developmentRegion = English;
			hasScannedForEncodings = 0;
			knownRegions = (
				en,
			);
			mainGroup = CADE3F5D1A1C516900924E0B;
			productRefGroup = CADE3F681A1C516900924E0B /* Products */;
			projectDirPath = "";
			projectRoot = "";
			targets = (
				CADE3F661A1C516900924E0B /* redditmtu */,
				CADE3F711A1C516900924E0B /* redditmtuTests */,
			);
		};
/* End PBXProject section */

/* Begin PBXResourcesBuildPhase section */
		CADE3F651A1C516900924E0B /* Resources */ = {
			isa = PBXResourcesBuildPhase;
			buildActionMask = 2147483647;
			files = (
			);
			runOnlyForDeploymentPostprocessing = 0;
		};
		CADE3F701A1C516900924E0B /* Resources */ = {
			isa = PBXResourcesBuildPhase;
			buildActionMask = 2147483647;
			files = (
			);
			runOnlyForDeploymentPostprocessing = 0;
		};
/* End PBXResourcesBuildPhase section */

/* Begin PBXSourcesBuildPhase section */
		CADE3F621A1C516900924E0B /* Sources */ = {
			isa = PBXSourcesBuildPhase;
			buildActionMask = 2147483647;
			files = (
			);
			runOnlyForDeploymentPostprocessing = 0;
		};
		CADE3F6E1A1C516900924E0B /* Sources */ = {
			isa = PBXSourcesBuildPhase;
			buildActionMask = 2147483647;
			files = (
				CADE3F7A1A1C516900924E0B /* redditmtuTests.swift in Sources */,
			);
			runOnlyForDeploymentPostprocessing = 0;
		};
/* End PBXSourcesBuildPhase section */

/* Begin PBXTargetDependency section */
		CADE3F751A1C516900924E0B /* PBXTargetDependency */ = {
			isa = PBXTargetDependency;
			target = CADE3F661A1C516900924E0B /* redditmtu */;
			targetProxy = CADE3F741A1C516900924E0B /* PBXContainerItemProxy */;
		};
/* End PBXTargetDependency section */

/* Begin XCBuildConfiguration section */
		CADE3F7B1A1C516900924E0B /* Debug */ = {
			isa = XCBuildConfiguration;
			buildSettings = {
				ALWAYS_SEARCH_USER_PATHS = NO;
				CLANG_CXX_LANGUAGE_STANDARD = "gnu++0x";
				CLANG_CXX_LIBRARY = "libc++";
				CLANG_ENABLE_MODULES = YES;
				CLANG_ENABLE_OBJC_ARC = YES;
				CLANG_WARN_BOOL_CONVERSION = YES;
				CLANG_WARN_CONSTANT_CONVERSION = YES;
				CLANG_WARN_DIRECT_OBJC_ISA_USAGE = YES_ERROR;
				CLANG_WARN_EMPTY_BODY = YES;
				CLANG_WARN_ENUM_CONVERSION = YES;
				CLANG_WARN_INT_CONVERSION = YES;
				CLANG_WARN_OBJC_ROOT_CLASS = YES_ERROR;
				CLANG_WARN_UNREACHABLE_CODE = YES;
				CLANG_WARN__DUPLICATE_METHOD_MATCH = YES;
				"CODE_SIGN_IDENTITY[sdk=iphoneos*]" = "iPhone Developer";
				COPY_PHASE_STRIP = NO;
				CURRENT_PROJECT_VERSION = 1;
				ENABLE_STRICT_OBJC_MSGSEND = YES;
				GCC_C_LANGUAGE_STANDARD = gnu99;
				GCC_DYNAMIC_NO_PIC = NO;
				GCC_OPTIMIZATION_LEVEL = 0;
				GCC_PREPROCESSOR_DEFINITIONS = (
					"DEBUG=1",
					"$(inherited)",
				);
				GCC_SYMBOLS_PRIVATE_EXTERN = NO;
				GCC_WARN_64_TO_32_BIT_CONVERSION = YES;
				GCC_WARN_ABOUT_RETURN_TYPE = YES_ERROR;
				GCC_WARN_UNDECLARED_SELECTOR = YES;
				GCC_WARN_UNINITIALIZED_AUTOS = YES_AGGRESSIVE;
				GCC_WARN_UNUSED_FUNCTION = YES;
				GCC_WARN_UNUSED_VARIABLE = YES;
				IPHONEOS_DEPLOYMENT_TARGET = 8.1;
				MTL_ENABLE_DEBUG_INFO = YES;
				ONLY_ACTIVE_ARCH = YES;
				SDKROOT = iphoneos;
				SWIFT_OPTIMIZATION_LEVEL = "-Onone";
				TARGETED_DEVICE_FAMILY = "1,2";
				VERSIONING_SYSTEM = "apple-generic";
				VERSION_INFO_PREFIX = "";
			};
			name = Debug;
		};
		CADE3F7C1A1C516900924E0B /* Release */ = {
			isa = XCBuildConfiguration;
			buildSettings = {
				ALWAYS_SEARCH_USER_PATHS = NO;
				CLANG_CXX_LANGUAGE_STANDARD = "gnu++0x";
				CLANG_CXX_LIBRARY = "libc++";
				CLANG_ENABLE_MODULES = YES;
				CLANG_ENABLE_OBJC_ARC = YES;
				CLANG_WARN_BOOL_CONVERSION = YES;
				CLANG_WARN_CONSTANT_CONVERSION = YES;
				CLANG_WARN_DIRECT_OBJC_ISA_USAGE = YES_ERROR;
				CLANG_WARN_EMPTY_BODY = YES;
				CLANG_WARN_ENUM_CONVERSION = YES;
				CLANG_WARN_INT_CONVERSION = YES;
				CLANG_WARN_OBJC_ROOT_CLASS = YES_ERROR;
				CLANG_WARN_UNREACHABLE_CODE = YES;
				CLANG_WARN__DUPLICATE_METHOD_MATCH = YES;
				"CODE_SIGN_IDENTITY[sdk=iphoneos*]" = "iPhone Developer";
				COPY_PHASE_STRIP = YES;
				CURRENT_PROJECT_VERSION = 1;
				ENABLE_NS_ASSERTIONS = NO;
				ENABLE_STRICT_OBJC_MSGSEND = YES;
				GCC_C_LANGUAGE_STANDARD = gnu99;
				GCC_WARN_64_TO_32_BIT_CONVERSION = YES;
				GCC_WARN_ABOUT_RETURN_TYPE = YES_ERROR;
				GCC_WARN_UNDECLARED_SELECTOR = YES;
				GCC_WARN_UNINITIALIZED_AUTOS = YES_AGGRESSIVE;
				GCC_WARN_UNUSED_FUNCTION = YES;
				GCC_WARN_UNUSED_VARIABLE = YES;
				IPHONEOS_DEPLOYMENT_TARGET = 8.1;
				MTL_ENABLE_DEBUG_INFO = NO;
				SDKROOT = iphoneos;
				TARGETED_DEVICE_FAMILY = "1,2";
				VALIDATE_PRODUCT = YES;
				VERSIONING_SYSTEM = "apple-generic";
				VERSION_INFO_PREFIX = "";
			};
			name = Release;
		};
		CADE3F7E1A1C516900924E0B /* Debug */ = {
			isa = XCBuildConfiguration;
			buildSettings = {
				CODE_SIGN_IDENTITY = "iPhone Developer";
				DEFINES_MODULE = YES;
				DYLIB_COMPATIBILITY_VERSION = 1;
				DYLIB_CURRENT_VERSION = 1;
				DYLIB_INSTALL_NAME_BASE = "@rpath";
				INFOPLIST_FILE = redditmtu/Info.plist;
				INSTALL_PATH = "$(LOCAL_LIBRARY_DIR)/Frameworks";
				IPHONEOS_DEPLOYMENT_TARGET = 7.0;
				LD_RUNPATH_SEARCH_PATHS = "$(inherited) @executable_path/Frameworks @loader_path/Frameworks";
				PRODUCT_NAME = "$(TARGET_NAME)";
				SKIP_INSTALL = YES;
				TARGETED_DEVICE_FAMILY = 1;
			};
			name = Debug;
		};
		CADE3F7F1A1C516900924E0B /* Release */ = {
			isa = XCBuildConfiguration;
			buildSettings = {
				CODE_SIGN_IDENTITY = "iPhone Developer";
				DEFINES_MODULE = YES;
				DYLIB_COMPATIBILITY_VERSION = 1;
				DYLIB_CURRENT_VERSION = 1;
				DYLIB_INSTALL_NAME_BASE = "@rpath";
				INFOPLIST_FILE = redditmtu/Info.plist;
				INSTALL_PATH = "$(LOCAL_LIBRARY_DIR)/Frameworks";
				IPHONEOS_DEPLOYMENT_TARGET = 7.0;
				LD_RUNPATH_SEARCH_PATHS = "$(inherited) @executable_path/Frameworks @loader_path/Frameworks";
				PRODUCT_NAME = "$(TARGET_NAME)";
				SKIP_INSTALL = YES;
				TARGETED_DEVICE_FAMILY = 1;
			};
			name = Release;
		};
		CADE3F811A1C516900924E0B /* Debug */ = {
			isa = XCBuildConfiguration;
			buildSettings = {
				FRAMEWORK_SEARCH_PATHS = (
					"$(SDKROOT)/Developer/Library/Frameworks",
					"$(inherited)",
				);
				GCC_PREPROCESSOR_DEFINITIONS = (
					"DEBUG=1",
					"$(inherited)",
				);
				INFOPLIST_FILE = redditmtuTests/Info.plist;
				LD_RUNPATH_SEARCH_PATHS = "$(inherited) @executable_path/Frameworks @loader_path/Frameworks";
				PRODUCT_NAME = "$(TARGET_NAME)";
			};
			name = Debug;
		};
		CADE3F821A1C516900924E0B /* Release */ = {
			isa = XCBuildConfiguration;
			buildSettings = {
				FRAMEWORK_SEARCH_PATHS = (
					"$(SDKROOT)/Developer/Library/Frameworks",
					"$(inherited)",
				);
				INFOPLIST_FILE = redditmtuTests/Info.plist;
				LD_RUNPATH_SEARCH_PATHS = "$(inherited) @executable_path/Frameworks @loader_path/Frameworks";
				PRODUCT_NAME = "$(TARGET_NAME)";
			};
			name = Release;
		};
/* End XCBuildConfiguration section */

/* Begin XCConfigurationList section */
		CADE3F611A1C516900924E0B /* Build configuration list for PBXProject "redditmtu" */ = {
			isa = XCConfigurationList;
			buildConfigurations = (
				CADE3F7B1A1C516900924E0B /* Debug */,
				CADE3F7C1A1C516900924E0B /* Release */,
			);
			defaultConfigurationIsVisible = 0;
			defaultConfigurationName = Release;
		};
		CADE3F7D1A1C516900924E0B /* Build configuration list for PBXNativeTarget "redditmtu" */ = {
			isa = XCConfigurationList;
			buildConfigurations = (
				CADE3F7E1A1C516900924E0B /* Debug */,
				CADE3F7F1A1C516900924E0B /* Release */,
			);
			defaultConfigurationIsVisible = 0;
		};
		CADE3F801A1C516900924E0B /* Build configuration list for PBXNativeTarget "redditmtuTests" */ = {
			isa = XCConfigurationList;
			buildConfigurations = (
				CADE3F811A1C516900924E0B /* Debug */,
				CADE3F821A1C516900924E0B /* Release */,
			);
			defaultConfigurationIsVisible = 0;
		};
/* End XCConfigurationList section */
	};
	rootObject = CADE3F5E1A1C516900924E0B /* Project object */;
}
